# This file is automatically @generated by Cargo.
# It is not intended for manual editing.
version = 3

[[package]]
name = "byteorder"
version = "1.4.3"
source = "registry+https://github.com/rust-lang/crates.io-index"
checksum = "14c189c53d098945499cdfa7ecc63567cf3886b3332b312a5b4585d8d3a6a610"

[[package]]
name = "dbase"
version = "0.0.4"
source = "registry+https://github.com/rust-lang/crates.io-index"
checksum = "f11532d799d221b4b11d7e0df6dcace80a64b9b274687a638f76e4668872bc1a"
dependencies = [
 "byteorder",
]

[[package]]
name = "dutchroad"
version = "0.1.0"
dependencies = [
 "shapefile",
]

[[package]]
name = "shapefile"
version = "0.2.2"
source = "registry+https://github.com/rust-lang/crates.io-index"
checksum = "72a37cae8a3274ff42957be5f62cdd1e4e6bc70178e096d99831d12178938d6f"
dependencies = [
 "byteorder",
 "dbase",
]
